// !$*UTF8*$!
{
	archiveVersion = 1;
	classes = {
	};
	objectVersion = 55;
	objects = {

/* Begin PBXBuildFile section */
		742E8C1FF003141E603236CF /* Pods_Project09_COVID19.framework in Frameworks */ = {isa = PBXBuildFile; fileRef = BD4766F0DBF3690984E7B954 /* Pods_Project09_COVID19.framework */; };
		F71E9E92287085850059C82B /* AppDelegate.swift in Sources */ = {isa = PBXBuildFile; fileRef = F71E9E91287085850059C82B /* AppDelegate.swift */; };
		F71E9E94287085850059C82B /* SceneDelegate.swift in Sources */ = {isa = PBXBuildFile; fileRef = F71E9E93287085850059C82B /* SceneDelegate.swift */; };
		F71E9E96287085850059C82B /* ViewController.swift in Sources */ = {isa = PBXBuildFile; fileRef = F71E9E95287085850059C82B /* ViewController.swift */; };
		F71E9E99287085850059C82B /* Main.storyboard in Resources */ = {isa = PBXBuildFile; fileRef = F71E9E97287085850059C82B /* Main.storyboard */; };
		F71E9E9B287085870059C82B /* Assets.xcassets in Resources */ = {isa = PBXBuildFile; fileRef = F71E9E9A287085870059C82B /* Assets.xcassets */; };
		F71E9E9E287085870059C82B /* LaunchScreen.storyboard in Resources */ = {isa = PBXBuildFile; fileRef = F71E9E9C287085870059C82B /* LaunchScreen.storyboard */; };
		F71E9EA6287098FE0059C82B /* CovidDetailViewController.swift in Sources */ = {isa = PBXBuildFile; fileRef = F71E9EA5287098FE0059C82B /* CovidDetailViewController.swift */; };
		F71E9EA828719F670059C82B /* CityCovidOverview.swift in Sources */ = {isa = PBXBuildFile; fileRef = F71E9EA728719F670059C82B /* CityCovidOverview.swift */; };
/* End PBXBuildFile section */

/* Begin PBXFileReference section */
		6DC34718D8E0E22CC3A29C10 /* Pods-Project09.COVID19.release.xcconfig */ = {isa = PBXFileReference; includeInIndex = 1; lastKnownFileType = text.xcconfig; name = "Pods-Project09.COVID19.release.xcconfig"; path = "Target Support Files/Pods-Project09.COVID19/Pods-Project09.COVID19.release.xcconfig"; sourceTree = "<group>"; };
		BD4766F0DBF3690984E7B954 /* Pods_Project09_COVID19.framework */ = {isa = PBXFileReference; explicitFileType = wrapper.framework; includeInIndex = 0; path = Pods_Project09_COVID19.framework; sourceTree = BUILT_PRODUCTS_DIR; };
		E759BA0C618D3873725EF856 /* Pods-Project09.COVID19.debug.xcconfig */ = {isa = PBXFileReference; includeInIndex = 1; lastKnownFileType = text.xcconfig; name = "Pods-Project09.COVID19.debug.xcconfig"; path = "Target Support Files/Pods-Project09.COVID19/Pods-Project09.COVID19.debug.xcconfig"; sourceTree = "<group>"; };
		F71E9E8E287085850059C82B /* Project09.COVID19.app */ = {isa = PBXFileReference; explicitFileType = wrapper.application; includeInIndex = 0; path = Project09.COVID19.app; sourceTree = BUILT_PRODUCTS_DIR; };
		F71E9E91287085850059C82B /* AppDelegate.swift */ = {isa = PBXFileReference; lastKnownFileType = sourcecode.swift; path = AppDelegate.swift; sourceTree = "<group>"; };
		F71E9E93287085850059C82B /* SceneDelegate.swift */ = {isa = PBXFileReference; lastKnownFileType = sourcecode.swift; path = SceneDelegate.swift; sourceTree = "<group>"; };
		F71E9E95287085850059C82B /* ViewController.swift */ = {isa = PBXFileReference; lastKnownFileType = sourcecode.swift; path = ViewController.swift; sourceTree = "<group>"; };
		F71E9E98287085850059C82B /* Base */ = {isa = PBXFileReference; lastKnownFileType = file.storyboard; name = Base; path = Base.lproj/Main.storyboard; sourceTree = "<group>"; };
		F71E9E9A287085870059C82B /* Assets.xcassets */ = {isa = PBXFileReference; lastKnownFileType = folder.assetcatalog; path = Assets.xcassets; sourceTree = "<group>"; };
		F71E9E9D287085870059C82B /* Base */ = {isa = PBXFileReference; lastKnownFileType = file.storyboard; name = Base; path = Base.lproj/LaunchScreen.storyboard; sourceTree = "<group>"; };
		F71E9E9F287085870059C82B /* Info.plist */ = {isa = PBXFileReference; lastKnownFileType = text.plist.xml; path = Info.plist; sourceTree = "<group>"; };
		F71E9EA5287098FE0059C82B /* CovidDetailViewController.swift */ = {isa = PBXFileReference; lastKnownFileType = sourcecode.swift; path = CovidDetailViewController.swift; sourceTree = "<group>"; };
		F71E9EA728719F670059C82B /* CityCovidOverview.swift */ = {isa = PBXFileReference; lastKnownFileType = sourcecode.swift; path = CityCovidOverview.swift; sourceTree = "<group>"; };
/* End PBXFileReference section */

/* Begin PBXFrameworksBuildPhase section */
		F71E9E8B287085850059C82B /* Frameworks */ = {
			isa = PBXFrameworksBuildPhase;
			buildActionMask = 2147483647;
			files = (
				742E8C1FF003141E603236CF /* Pods_Project09_COVID19.framework in Frameworks */,
			);
			runOnlyForDeploymentPostprocessing = 0;
		};
/* End PBXFrameworksBuildPhase section */

/* Begin PBXGroup section */
		6AE5D881A9D50D0E708F75BE /* Frameworks */ = {
			isa = PBXGroup;
			children = (
				BD4766F0DBF3690984E7B954 /* Pods_Project09_COVID19.framework */,
			);
			name = Frameworks;
			sourceTree = "<group>";
		};
		885D37C4CA37C36526F41FC7 /* Pods */ = {
			isa = PBXGroup;
			children = (
				E759BA0C618D3873725EF856 /* Pods-Project09.COVID19.debug.xcconfig */,
				6DC34718D8E0E22CC3A29C10 /* Pods-Project09.COVID19.release.xcconfig */,
			);
			path = Pods;
			sourceTree = "<group>";
		};
		F71E9E85287085850059C82B = {
			isa = PBXGroup;
			children = (
				F71E9E90287085850059C82B /* Project09.COVID19 */,
				F71E9E8F287085850059C82B /* Products */,
				885D37C4CA37C36526F41FC7 /* Pods */,
				6AE5D881A9D50D0E708F75BE /* Frameworks */,
			);
			sourceTree = "<group>";
		};
		F71E9E8F287085850059C82B /* Products */ = {
			isa = PBXGroup;
			children = (
				F71E9E8E287085850059C82B /* Project09.COVID19.app */,
			);
			name = Products;
			sourceTree = "<group>";
		};
		F71E9E90287085850059C82B /* Project09.COVID19 */ = {
			isa = PBXGroup;
			children = (
				F71E9E91287085850059C82B /* AppDelegate.swift */,
				F71E9E93287085850059C82B /* SceneDelegate.swift */,
				F71E9E95287085850059C82B /* ViewController.swift */,
				F71E9E97287085850059C82B /* Main.storyboard */,
				F71E9E9A287085870059C82B /* Assets.xcassets */,
				F71E9E9C287085870059C82B /* LaunchScreen.storyboard */,
				F71E9E9F287085870059C82B /* Info.plist */,
				F71E9EA5287098FE0059C82B /* CovidDetailViewController.swift */,
				F71E9EA728719F670059C82B /* CityCovidOverview.swift */,
			);
			path = Project09.COVID19;
			sourceTree = "<group>";
		};
/* End PBXGroup section */

/* Begin PBXNativeTarget section */
		F71E9E8D287085850059C82B /* Project09.COVID19 */ = {
			isa = PBXNativeTarget;
			buildConfigurationList = F71E9EA2287085870059C82B /* Build configuration list for PBXNativeTarget "Project09.COVID19" */;
			buildPhases = (
				E39EFC983130B8A0E0919D9A /* [CP] Check Pods Manifest.lock */,
				F71E9E8A287085850059C82B /* Sources */,
				F71E9E8B287085850059C82B /* Frameworks */,
				F71E9E8C287085850059C82B /* Resources */,
				BDE66D6FFAA76E316175C233 /* [CP] Embed Pods Frameworks */,
			);
			buildRules = (
			);
			dependencies = (
			);
			name = Project09.COVID19;
			productName = Project09.COVID19;
			productReference = F71E9E8E287085850059C82B /* Project09.COVID19.app */;
			productType = "com.apple.product-type.application";
		};
/* End PBXNativeTarget section */

/* Begin PBXProject section */
		F71E9E86287085850059C82B /* Project object */ = {
			isa = PBXProject;
			attributes = {
				BuildIndependentTargetsInParallel = 1;
				LastSwiftUpdateCheck = 1340;
				LastUpgradeCheck = 1340;
				TargetAttributes = {
					F71E9E8D287085850059C82B = {
						CreatedOnToolsVersion = 13.4.1;
					};
				};
			};
			buildConfigurationList = F71E9E89287085850059C82B /* Build configuration list for PBXProject "Project09.COVID19" */;
			compatibilityVersion = "Xcode 13.0";
			developmentRegion = en;
			hasScannedForEncodings = 0;
			knownRegions = (
				en,
				Base,
			);
			mainGroup = F71E9E85287085850059C82B;
			productRefGroup = F71E9E8F287085850059C82B /* Products */;
			projectDirPath = "";
			projectRoot = "";
			targets = (
				F71E9E8D287085850059C82B /* Project09.COVID19 */,
			);
		};
/* End PBXProject section */

/* Begin PBXResourcesBuildPhase section */
		F71E9E8C287085850059C82B /* Resources */ = {
			isa = PBXResourcesBuildPhase;
			buildActionMask = 2147483647;
			files = (
				F71E9E9E287085870059C82B /* LaunchScreen.storyboard in Resources */,
				F71E9E9B287085870059C82B /* Assets.xcassets in Resources */,
				F71E9E99287085850059C82B /* Main.storyboard in Resources */,
			);
			runOnlyForDeploymentPostprocessing = 0;
		};
/* End PBXResourcesBuildPhase section */

/* Begin PBXShellScriptBuildPhase section */
		BDE66D6FFAA76E316175C233 /* [CP] Embed Pods Frameworks */ = {
			isa = PBXShellScriptBuildPhase;
			buildActionMask = 2147483647;
			files = (
			);
			inputFileListPaths = (
				"${PODS_ROOT}/Target Support Files/Pods-Project09.COVID19/Pods-Project09.COVID19-frameworks-${CONFIGURATION}-input-files.xcfilelist",
			);
			name = "[CP] Embed Pods Frameworks";
			outputFileListPaths = (
				"${PODS_ROOT}/Target Support Files/Pods-Project09.COVID19/Pods-Project09.COVID19-frameworks-${CONFIGURATION}-output-files.xcfilelist",
			);
			runOnlyForDeploymentPostprocessing = 0;
			shellPath = /bin/sh;
			shellScript = "\"${PODS_ROOT}/Target Support Files/Pods-Project09.COVID19/Pods-Project09.COVID19-frameworks.sh\"\n";
			showEnvVarsInLog = 0;
		};
		E39EFC983130B8A0E0919D9A /* [CP] Check Pods Manifest.lock */ = {
			isa = PBXShellScriptBuildPhase;
			buildActionMask = 2147483647;
			files = (
			);
			inputFileListPaths = (
			);
			inputPaths = (
				"${PODS_PODFILE_DIR_PATH}/Podfile.lock",
				"${PODS_ROOT}/Manifest.lock",
			);
			name = "[CP] Check Pods Manifest.lock";
			outputFileListPaths = (
			);
			outputPaths = (
				"$(DERIVED_FILE_DIR)/Pods-Project09.COVID19-checkManifestLockResult.txt",
			);
			runOnlyForDeploymentPostprocessing = 0;
			shellPath = /bin/sh;
			shellScript = "diff \"${PODS_PODFILE_DIR_PATH}/Podfile.lock\" \"${PODS_ROOT}/Manifest.lock\" > /dev/null\nif [ $? != 0 ] ; then\n    # print error to STDERR\n    echo \"error: The sandbox is not in sync with the Podfile.lock. Run 'pod install' or update your CocoaPods installation.\" >&2\n    exit 1\nfi\n# This output is used by Xcode 'outputs' to avoid re-running this script phase.\necho \"SUCCESS\" > \"${SCRIPT_OUTPUT_FILE_0}\"\n";
			showEnvVarsInLog = 0;
		};
/* End PBXShellScriptBuildPhase section */

/* Begin PBXSourcesBuildPhase section */
		F71E9E8A287085850059C82B /* Sources */ = {
			isa = PBXSourcesBuildPhase;
			buildActionMask = 2147483647;
			files = (
				F71E9E96287085850059C82B /* ViewController.swift in Sources */,
				F71E9EA6287098FE0059C82B /* CovidDetailViewController.swift in Sources */,
				F71E9E92287085850059C82B /* AppDelegate.swift in Sources */,
				F71E9EA828719F670059C82B /* CityCovidOverview.swift in Sources */,
				F71E9E94287085850059C82B /* SceneDelegate.swift in Sources */,
			);
			runOnlyForDeploymentPostprocessing = 0;
		};
/* End PBXSourcesBuildPhase section */

/* Begin PBXVariantGroup section */
		F71E9E97287085850059C82B /* Main.storyboard */ = {
			isa = PBXVariantGroup;
			children = (
				F71E9E98287085850059C82B /* Base */,
			);
			name = Main.storyboard;
			sourceTree = "<group>";
		};
		F71E9E9C287085870059C82B /* LaunchScreen.storyboard */ = {
			isa = PBXVariantGroup;
			children = (
				F71E9E9D287085870059C82B /* Base */,
			);
			name = LaunchScreen.storyboard;
			sourceTree = "<group>";
		};
/* End PBXVariantGroup section */

/* Begin XCBuildConfiguration section */
		F71E9EA0287085870059C82B /* Debug */ = {
			isa = XCBuildConfiguration;
			buildSettings = {
				ALWAYS_SEARCH_USER_PATHS = NO;
				CLANG_ANALYZER_NONNULL = YES;
				CLANG_ANALYZER_NUMBER_OBJECT_CONVERSION = YES_AGGRESSIVE;
				CLANG_CXX_LANGUAGE_STANDARD = "gnu++17";
				CLANG_ENABLE_MODULES = YES;
				CLANG_ENABLE_OBJC_ARC = YES;
				CLANG_ENABLE_OBJC_WEAK = YES;
				CLANG_WARN_BLOCK_CAPTURE_AUTORELEASING = YES;
				CLANG_WARN_BOOL_CONVERSION = YES;
				CLANG_WARN_COMMA = YES;
				CLANG_WARN_CONSTANT_CONVERSION = YES;
				CLANG_WARN_DEPRECATED_OBJC_IMPLEMENTATIONS = YES;
				CLANG_WARN_DIRECT_OBJC_ISA_USAGE = YES_ERROR;
				CLANG_WARN_DOCUMENTATION_COMMENTS = YES;
				CLANG_WARN_EMPTY_BODY = YES;
				CLANG_WARN_ENUM_CONVERSION = YES;
				CLANG_WARN_INFINITE_RECURSION = YES;
				CLANG_WARN_INT_CONVERSION = YES;
				CLANG_WARN_NON_LITERAL_NULL_CONVERSION = YES;
				CLANG_WARN_OBJC_IMPLICIT_RETAIN_SELF = YES;
				CLANG_WARN_OBJC_LITERAL_CONVERSION = YES;
				CLANG_WARN_OBJC_ROOT_CLASS = YES_ERROR;
				CLANG_WARN_QUOTED_INCLUDE_IN_FRAMEWORK_HEADER = YES;
				CLANG_WARN_RANGE_LOOP_ANALYSIS = YES;
				CLANG_WARN_STRICT_PROTOTYPES = YES;
				CLANG_WARN_SUSPICIOUS_MOVE = YES;
				CLANG_WARN_UNGUARDED_AVAILABILITY = YES_AGGRESSIVE;
				CLANG_WARN_UNREACHABLE_CODE = YES;
				CLANG_WARN__DUPLICATE_METHOD_MATCH = YES;
				COPY_PHASE_STRIP = NO;
				DEBUG_INFORMATION_FORMAT = dwarf;
				ENABLE_STRICT_OBJC_MSGSEND = YES;
				ENABLE_TESTABILITY = YES;
				GCC_C_LANGUAGE_STANDARD = gnu11;
				GCC_DYNAMIC_NO_PIC = NO;
				GCC_NO_COMMON_BLOCKS = YES;
				GCC_OPTIMIZATION_LEVEL = 0;
				GCC_PREPROCESSOR_DEFINITIONS = (
					"DEBUG=1",
					"$(inherited)",
				);
				GCC_WARN_64_TO_32_BIT_CONVERSION = YES;
				GCC_WARN_ABOUT_RETURN_TYPE = YES_ERROR;
				GCC_WARN_UNDECLARED_SELECTOR = YES;
				GCC_WARN_UNINITIALIZED_AUTOS = YES_AGGRESSIVE;
				GCC_WARN_UNUSED_FUNCTION = YES;
				GCC_WARN_UNUSED_VARIABLE = YES;
				IPHONEOS_DEPLOYMENT_TARGET = 15.5;
				MTL_ENABLE_DEBUG_INFO = INCLUDE_SOURCE;
				MTL_FAST_MATH = YES;
				ONLY_ACTIVE_ARCH = YES;
				SDKROOT = iphoneos;
				SWIFT_ACTIVE_COMPILATION_CONDITIONS = DEBUG;
				SWIFT_OPTIMIZATION_LEVEL = "-Onone";
			};
			name = Debug;
		};
		F71E9EA1287085870059C82B /* Release */ = {
			isa = XCBuildConfiguration;
			buildSettings = {
				ALWAYS_SEARCH_USER_PATHS = NO;
				CLANG_ANALYZER_NONNULL = YES;
				CLANG_ANALYZER_NUMBER_OBJECT_CONVERSION = YES_AGGRESSIVE;
				CLANG_CXX_LANGUAGE_STANDARD = "gnu++17";
				CLANG_ENABLE_MODULES = YES;
				CLANG_ENABLE_OBJC_ARC = YES;
				CLANG_ENABLE_OBJC_WEAK = YES;
				CLANG_WARN_BLOCK_CAPTURE_AUTORELEASING = YES;
				CLANG_WARN_BOOL_CONVERSION = YES;
				CLANG_WARN_COMMA = YES;
				CLANG_WARN_CONSTANT_CONVERSION = YES;
				CLANG_WARN_DEPRECATED_OBJC_IMPLEMENTATIONS = YES;
				CLANG_WARN_DIRECT_OBJC_ISA_USAGE = YES_ERROR;
				CLANG_WARN_DOCUMENTATION_COMMENTS = YES;
				CLANG_WARN_EMPTY_BODY = YES;
				CLANG_WARN_ENUM_CONVERSION = YES;
				CLANG_WARN_INFINITE_RECURSION = YES;
				CLANG_WARN_INT_CONVERSION = YES;
				CLANG_WARN_NON_LITERAL_NULL_CONVERSION = YES;
				CLANG_WARN_OBJC_IMPLICIT_RETAIN_SELF = YES;
				CLANG_WARN_OBJC_LITERAL_CONVERSION = YES;
				CLANG_WARN_OBJC_ROOT_CLASS = YES_ERROR;
				CLANG_WARN_QUOTED_INCLUDE_IN_FRAMEWORK_HEADER = YES;
				CLANG_WARN_RANGE_LOOP_ANALYSIS = YES;
				CLANG_WARN_STRICT_PROTOTYPES = YES;
				CLANG_WARN_SUSPICIOUS_MOVE = YES;
				CLANG_WARN_UNGUARDED_AVAILABILITY = YES_AGGRESSIVE;
				CLANG_WARN_UNREACHABLE_CODE = YES;
				CLANG_WARN__DUPLICATE_METHOD_MATCH = YES;
				COPY_PHASE_STRIP = NO;
				DEBUG_INFORMATION_FORMAT = "dwarf-with-dsym";
				ENABLE_NS_ASSERTIONS = NO;
				ENABLE_STRICT_OBJC_MSGSEND = YES;
				GCC_C_LANGUAGE_STANDARD = gnu11;
				GCC_NO_COMMON_BLOCKS = YES;
				GCC_WARN_64_TO_32_BIT_CONVERSION = YES;
				GCC_WARN_ABOUT_RETURN_TYPE = YES_ERROR;
				GCC_WARN_UNDECLARED_SELECTOR = YES;
				GCC_WARN_UNINITIALIZED_AUTOS = YES_AGGRESSIVE;
				GCC_WARN_UNUSED_FUNCTION = YES;
				GCC_WARN_UNUSED_VARIABLE = YES;
				IPHONEOS_DEPLOYMENT_TARGET = 15.5;
				MTL_ENABLE_DEBUG_INFO = NO;
				MTL_FAST_MATH = YES;
				SDKROOT = iphoneos;
				SWIFT_COMPILATION_MODE = wholemodule;
				SWIFT_OPTIMIZATION_LEVEL = "-O";
				VALIDATE_PRODUCT = YES;
			};
			name = Release;
		};
		F71E9EA3287085870059C82B /* Debug */ = {
			isa = XCBuildConfiguration;
			baseConfigurationReference = E759BA0C618D3873725EF856 /* Pods-Project09.COVID19.debug.xcconfig */;
			buildSettings = {
				ASSETCATALOG_COMPILER_APPICON_NAME = AppIcon;
				ASSETCATALOG_COMPILER_GLOBAL_ACCENT_COLOR_NAME = AccentColor;
				CODE_SIGN_STYLE = Automatic;
				CURRENT_PROJECT_VERSION = 1;
				GENERATE_INFOPLIST_FILE = YES;
				INFOPLIST_FILE = Project09.COVID19/Info.plist;
				INFOPLIST_KEY_UIApplicationSupportsIndirectInputEvents = YES;
				INFOPLIST_KEY_UILaunchStoryboardName = LaunchScreen;
				INFOPLIST_KEY_UIMainStoryboardFile = Main;
				INFOPLIST_KEY_UISupportedInterfaceOrientations_iPad = "UIInterfaceOrientationPortrait UIInterfaceOrientationPortraitUpsideDown UIInterfaceOrientationLandscapeLeft UIInterfaceOrientationLandscapeRight";
				INFOPLIST_KEY_UISupportedInterfaceOrientations_iPhone = "UIInterfaceOrientationPortrait UIInterfaceOrientationLandscapeLeft UIInterfaceOrientationLandscapeRight";
				LD_RUNPATH_SEARCH_PATHS = (
					"$(inherited)",
					"@executable_path/Frameworks",
				);
				MARKETING_VERSION = 1.0;
				PRODUCT_BUNDLE_IDENTIFIER = "jinhee.Project09-COVID19";
				PRODUCT_NAME = "$(TARGET_NAME)";
				SWIFT_EMIT_LOC_STRINGS = YES;
				SWIFT_VERSION = 5.0;
				TARGETED_DEVICE_FAMILY = "1,2";
			};
			name = Debug;
		};
		F71E9EA4287085870059C82B /* Release */ = {
			isa = XCBuildConfiguration;
			baseConfigurationReference = 6DC34718D8E0E22CC3A29C10 /* Pods-Project09.COVID19.release.xcconfig */;
			buildSettings = {
				ASSETCATALOG_COMPILER_APPICON_NAME = AppIcon;
				ASSETCATALOG_COMPILER_GLOBAL_ACCENT_COLOR_NAME = AccentColor;
				CODE_SIGN_STYLE = Automatic;
				CURRENT_PROJECT_VERSION = 1;
				GENERATE_INFOPLIST_FILE = YES;
				INFOPLIST_FILE = Project09.COVID19/Info.plist;
				INFOPLIST_KEY_UIApplicationSupportsIndirectInputEvents = YES;
				INFOPLIST_KEY_UILaunchStoryboardName = LaunchScreen;
				INFOPLIST_KEY_UIMainStoryboardFile = Main;
				INFOPLIST_KEY_UISupportedInterfaceOrientations_iPad = "UIInterfaceOrientationPortrait UIInterfaceOrientationPortraitUpsideDown UIInterfaceOrientationLandscapeLeft UIInterfaceOrientationLandscapeRight";
				INFOPLIST_KEY_UISupportedInterfaceOrientations_iPhone = "UIInterfaceOrientationPortrait UIInterfaceOrientationLandscapeLeft UIInterfaceOrientationLandscapeRight";
				LD_RUNPATH_SEARCH_PATHS = (
					"$(inherited)",
					"@executable_path/Frameworks",
				);
				MARKETING_VERSION = 1.0;
				PRODUCT_BUNDLE_IDENTIFIER = "jinhee.Project09-COVID19";
				PRODUCT_NAME = "$(TARGET_NAME)";
				SWIFT_EMIT_LOC_STRINGS = YES;
				SWIFT_VERSION = 5.0;
				TARGETED_DEVICE_FAMILY = "1,2";
			};
			name = Release;
		};
/* End XCBuildConfiguration section */

/* Begin XCConfigurationList section */
		F71E9E89287085850059C82B /* Build configuration list for PBXProject "Project09.COVID19" */ = {
			isa = XCConfigurationList;
			buildConfigurations = (
				F71E9EA0287085870059C82B /* Debug */,
				F71E9EA1287085870059C82B /* Release */,
			);
			defaultConfigurationIsVisible = 0;
			defaultConfigurationName = Release;
		};
		F71E9EA2287085870059C82B /* Build configuration list for PBXNativeTarget "Project09.COVID19" */ = {
			isa = XCConfigurationList;
			buildConfigurations = (
				F71E9EA3287085870059C82B /* Debug */,
				F71E9EA4287085870059C82B /* Release */,
			);
			defaultConfigurationIsVisible = 0;
			defaultConfigurationName = Release;
		};
/* End XCConfigurationList section */
	};
	rootObject = F71E9E86287085850059C82B /* Project object */;
}
