// !$*UTF8*$!
{
	archiveVersion = 1;
	classes = {
	};
	objectVersion = 55;
	objects = {

/* Begin PBXBuildFile section */
		F77C2E0228A6AACD0059B255 /* AppDelegate.swift in Sources */ = {isa = PBXBuildFile; fileRef = F77C2E0128A6AACD0059B255 /* AppDelegate.swift */; };
		F77C2E0428A6AACD0059B255 /* SceneDelegate.swift in Sources */ = {isa = PBXBuildFile; fileRef = F77C2E0328A6AACD0059B255 /* SceneDelegate.swift */; };
		F77C2E0628A6AACD0059B255 /* StationSearchViewController.swift in Sources */ = {isa = PBXBuildFile; fileRef = F77C2E0528A6AACD0059B255 /* StationSearchViewController.swift */; };
		F77C2E0B28A6AACF0059B255 /* Assets.xcassets in Resources */ = {isa = PBXBuildFile; fileRef = F77C2E0A28A6AACF0059B255 /* Assets.xcassets */; };
		F77C2E0E28A6AACF0059B255 /* LaunchScreen.storyboard in Resources */ = {isa = PBXBuildFile; fileRef = F77C2E0C28A6AACF0059B255 /* LaunchScreen.storyboard */; };
		F77C2E1728A6AB640059B255 /* SnapKit in Frameworks */ = {isa = PBXBuildFile; productRef = F77C2E1628A6AB640059B255 /* SnapKit */; };
		F77C2E1A28A6ABEC0059B255 /* Alamofire in Frameworks */ = {isa = PBXBuildFile; productRef = F77C2E1928A6ABEC0059B255 /* Alamofire */; };
		F77C2E1D28A6B2740059B255 /* StationDetailViewController.swift in Sources */ = {isa = PBXBuildFile; fileRef = F77C2E1C28A6B2740059B255 /* StationDetailViewController.swift */; };
		F77C2E1F28A6B4A20059B255 /* StationDetailCollectionViewCell.swift in Sources */ = {isa = PBXBuildFile; fileRef = F77C2E1E28A6B4A20059B255 /* StationDetailCollectionViewCell.swift */; };
		F77C2E2128A778F30059B255 /* StationResponseModel.swift in Sources */ = {isa = PBXBuildFile; fileRef = F77C2E2028A778F30059B255 /* StationResponseModel.swift */; };
		F77C2E2328A77D860059B255 /* StationArrivalDatResponseModel.swift in Sources */ = {isa = PBXBuildFile; fileRef = F77C2E2228A77D860059B255 /* StationArrivalDatResponseModel.swift */; };
/* End PBXBuildFile section */

/* Begin PBXFileReference section */
		F77C2DFE28A6AACD0059B255 /* Subway.app */ = {isa = PBXFileReference; explicitFileType = wrapper.application; includeInIndex = 0; path = Subway.app; sourceTree = BUILT_PRODUCTS_DIR; };
		F77C2E0128A6AACD0059B255 /* AppDelegate.swift */ = {isa = PBXFileReference; lastKnownFileType = sourcecode.swift; path = AppDelegate.swift; sourceTree = "<group>"; };
		F77C2E0328A6AACD0059B255 /* SceneDelegate.swift */ = {isa = PBXFileReference; lastKnownFileType = sourcecode.swift; path = SceneDelegate.swift; sourceTree = "<group>"; };
		F77C2E0528A6AACD0059B255 /* StationSearchViewController.swift */ = {isa = PBXFileReference; lastKnownFileType = sourcecode.swift; path = StationSearchViewController.swift; sourceTree = "<group>"; };
		F77C2E0A28A6AACF0059B255 /* Assets.xcassets */ = {isa = PBXFileReference; lastKnownFileType = folder.assetcatalog; path = Assets.xcassets; sourceTree = "<group>"; };
		F77C2E0D28A6AACF0059B255 /* Base */ = {isa = PBXFileReference; lastKnownFileType = file.storyboard; name = Base; path = Base.lproj/LaunchScreen.storyboard; sourceTree = "<group>"; };
		F77C2E0F28A6AACF0059B255 /* Info.plist */ = {isa = PBXFileReference; lastKnownFileType = text.plist.xml; path = Info.plist; sourceTree = "<group>"; };
		F77C2E1C28A6B2740059B255 /* StationDetailViewController.swift */ = {isa = PBXFileReference; lastKnownFileType = sourcecode.swift; path = StationDetailViewController.swift; sourceTree = "<group>"; };
		F77C2E1E28A6B4A20059B255 /* StationDetailCollectionViewCell.swift */ = {isa = PBXFileReference; lastKnownFileType = sourcecode.swift; path = StationDetailCollectionViewCell.swift; sourceTree = "<group>"; };
		F77C2E2028A778F30059B255 /* StationResponseModel.swift */ = {isa = PBXFileReference; lastKnownFileType = sourcecode.swift; path = StationResponseModel.swift; sourceTree = "<group>"; };
		F77C2E2228A77D860059B255 /* StationArrivalDatResponseModel.swift */ = {isa = PBXFileReference; lastKnownFileType = sourcecode.swift; path = StationArrivalDatResponseModel.swift; sourceTree = "<group>"; };
/* End PBXFileReference section */

/* Begin PBXFrameworksBuildPhase section */
		F77C2DFB28A6AACD0059B255 /* Frameworks */ = {
			isa = PBXFrameworksBuildPhase;
			buildActionMask = 2147483647;
			files = (
				F77C2E1728A6AB640059B255 /* SnapKit in Frameworks */,
				F77C2E1A28A6ABEC0059B255 /* Alamofire in Frameworks */,
			);
			runOnlyForDeploymentPostprocessing = 0;
		};
/* End PBXFrameworksBuildPhase section */

/* Begin PBXGroup section */
		F77C2DF528A6AACD0059B255 = {
			isa = PBXGroup;
			children = (
				F77C2E0028A6AACD0059B255 /* Subway */,
				F77C2DFF28A6AACD0059B255 /* Products */,
			);
			sourceTree = "<group>";
		};
		F77C2DFF28A6AACD0059B255 /* Products */ = {
			isa = PBXGroup;
			children = (
				F77C2DFE28A6AACD0059B255 /* Subway.app */,
			);
			name = Products;
			sourceTree = "<group>";
		};
		F77C2E0028A6AACD0059B255 /* Subway */ = {
			isa = PBXGroup;
			children = (
				F77C2E0128A6AACD0059B255 /* AppDelegate.swift */,
				F77C2E0328A6AACD0059B255 /* SceneDelegate.swift */,
				F77C2E1B28A6B24D0059B255 /* Scenes */,
				F77C2E0A28A6AACF0059B255 /* Assets.xcassets */,
				F77C2E0C28A6AACF0059B255 /* LaunchScreen.storyboard */,
				F77C2E0F28A6AACF0059B255 /* Info.plist */,
				F77C2E2228A77D860059B255 /* StationArrivalDatResponseModel.swift */,
				F77C2E2028A778F30059B255 /* StationResponseModel.swift */,
			);
			path = Subway;
			sourceTree = "<group>";
		};
		F77C2E1B28A6B24D0059B255 /* Scenes */ = {
			isa = PBXGroup;
			children = (
				F77C2E0528A6AACD0059B255 /* StationSearchViewController.swift */,
				F77C2E1C28A6B2740059B255 /* StationDetailViewController.swift */,
				F77C2E1E28A6B4A20059B255 /* StationDetailCollectionViewCell.swift */,
			);
			path = Scenes;
			sourceTree = "<group>";
		};
/* End PBXGroup section */

/* Begin PBXNativeTarget section */
		F77C2DFD28A6AACD0059B255 /* Subway */ = {
			isa = PBXNativeTarget;
			buildConfigurationList = F77C2E1228A6AACF0059B255 /* Build configuration list for PBXNativeTarget "Subway" */;
			buildPhases = (
				F77C2DFA28A6AACD0059B255 /* Sources */,
				F77C2DFB28A6AACD0059B255 /* Frameworks */,
				F77C2DFC28A6AACD0059B255 /* Resources */,
			);
			buildRules = (
			);
			dependencies = (
			);
			name = Subway;
			packageProductDependencies = (
				F77C2E1628A6AB640059B255 /* SnapKit */,
				F77C2E1928A6ABEC0059B255 /* Alamofire */,
			);
			productName = Subway;
			productReference = F77C2DFE28A6AACD0059B255 /* Subway.app */;
			productType = "com.apple.product-type.application";
		};
/* End PBXNativeTarget section */

/* Begin PBXProject section */
		F77C2DF628A6AACD0059B255 /* Project object */ = {
			isa = PBXProject;
			attributes = {
				BuildIndependentTargetsInParallel = 1;
				LastSwiftUpdateCheck = 1340;
				LastUpgradeCheck = 1340;
				TargetAttributes = {
					F77C2DFD28A6AACD0059B255 = {
						CreatedOnToolsVersion = 13.4.1;
					};
				};
			};
			buildConfigurationList = F77C2DF928A6AACD0059B255 /* Build configuration list for PBXProject "Subway" */;
			compatibilityVersion = "Xcode 13.0";
			developmentRegion = en;
			hasScannedForEncodings = 0;
			knownRegions = (
				en,
				Base,
			);
			mainGroup = F77C2DF528A6AACD0059B255;
			packageReferences = (
				F77C2E1528A6AB640059B255 /* XCRemoteSwiftPackageReference "SnapKit" */,
				F77C2E1828A6ABEB0059B255 /* XCRemoteSwiftPackageReference "Alamofire" */,
			);
			productRefGroup = F77C2DFF28A6AACD0059B255 /* Products */;
			projectDirPath = "";
			projectRoot = "";
			targets = (
				F77C2DFD28A6AACD0059B255 /* Subway */,
			);
		};
/* End PBXProject section */

/* Begin PBXResourcesBuildPhase section */
		F77C2DFC28A6AACD0059B255 /* Resources */ = {
			isa = PBXResourcesBuildPhase;
			buildActionMask = 2147483647;
			files = (
				F77C2E0E28A6AACF0059B255 /* LaunchScreen.storyboard in Resources */,
				F77C2E0B28A6AACF0059B255 /* Assets.xcassets in Resources */,
			);
			runOnlyForDeploymentPostprocessing = 0;
		};
/* End PBXResourcesBuildPhase section */

/* Begin PBXSourcesBuildPhase section */
		F77C2DFA28A6AACD0059B255 /* Sources */ = {
			isa = PBXSourcesBuildPhase;
			buildActionMask = 2147483647;
			files = (
				F77C2E1D28A6B2740059B255 /* StationDetailViewController.swift in Sources */,
				F77C2E2128A778F30059B255 /* StationResponseModel.swift in Sources */,
				F77C2E0628A6AACD0059B255 /* StationSearchViewController.swift in Sources */,
				F77C2E2328A77D860059B255 /* StationArrivalDatResponseModel.swift in Sources */,
				F77C2E0228A6AACD0059B255 /* AppDelegate.swift in Sources */,
				F77C2E1F28A6B4A20059B255 /* StationDetailCollectionViewCell.swift in Sources */,
				F77C2E0428A6AACD0059B255 /* SceneDelegate.swift in Sources */,
			);
			runOnlyForDeploymentPostprocessing = 0;
		};
/* End PBXSourcesBuildPhase section */

/* Begin PBXVariantGroup section */
		F77C2E0C28A6AACF0059B255 /* LaunchScreen.storyboard */ = {
			isa = PBXVariantGroup;
			children = (
				F77C2E0D28A6AACF0059B255 /* Base */,
			);
			name = LaunchScreen.storyboard;
			sourceTree = "<group>";
		};
/* End PBXVariantGroup section */

/* Begin XCBuildConfiguration section */
		F77C2E1028A6AACF0059B255 /* Debug */ = {
			isa = XCBuildConfiguration;
			buildSettings = {
				ALWAYS_SEARCH_USER_PATHS = NO;
				CLANG_ANALYZER_NONNULL = YES;
				CLANG_ANALYZER_NUMBER_OBJECT_CONVERSION = YES_AGGRESSIVE;
				CLANG_CXX_LANGUAGE_STANDARD = "gnu++17";
				CLANG_ENABLE_MODULES = YES;
				CLANG_ENABLE_OBJC_ARC = YES;
				CLANG_ENABLE_OBJC_WEAK = YES;
				CLANG_WARN_BLOCK_CAPTURE_AUTORELEASING = YES;
				CLANG_WARN_BOOL_CONVERSION = YES;
				CLANG_WARN_COMMA = YES;
				CLANG_WARN_CONSTANT_CONVERSION = YES;
				CLANG_WARN_DEPRECATED_OBJC_IMPLEMENTATIONS = YES;
				CLANG_WARN_DIRECT_OBJC_ISA_USAGE = YES_ERROR;
				CLANG_WARN_DOCUMENTATION_COMMENTS = YES;
				CLANG_WARN_EMPTY_BODY = YES;
				CLANG_WARN_ENUM_CONVERSION = YES;
				CLANG_WARN_INFINITE_RECURSION = YES;
				CLANG_WARN_INT_CONVERSION = YES;
				CLANG_WARN_NON_LITERAL_NULL_CONVERSION = YES;
				CLANG_WARN_OBJC_IMPLICIT_RETAIN_SELF = YES;
				CLANG_WARN_OBJC_LITERAL_CONVERSION = YES;
				CLANG_WARN_OBJC_ROOT_CLASS = YES_ERROR;
				CLANG_WARN_QUOTED_INCLUDE_IN_FRAMEWORK_HEADER = YES;
				CLANG_WARN_RANGE_LOOP_ANALYSIS = YES;
				CLANG_WARN_STRICT_PROTOTYPES = YES;
				CLANG_WARN_SUSPICIOUS_MOVE = YES;
				CLANG_WARN_UNGUARDED_AVAILABILITY = YES_AGGRESSIVE;
				CLANG_WARN_UNREACHABLE_CODE = YES;
				CLANG_WARN__DUPLICATE_METHOD_MATCH = YES;
				COPY_PHASE_STRIP = NO;
				DEBUG_INFORMATION_FORMAT = dwarf;
				ENABLE_STRICT_OBJC_MSGSEND = YES;
				ENABLE_TESTABILITY = YES;
				GCC_C_LANGUAGE_STANDARD = gnu11;
				GCC_DYNAMIC_NO_PIC = NO;
				GCC_NO_COMMON_BLOCKS = YES;
				GCC_OPTIMIZATION_LEVEL = 0;
				GCC_PREPROCESSOR_DEFINITIONS = (
					"DEBUG=1",
					"$(inherited)",
				);
				GCC_WARN_64_TO_32_BIT_CONVERSION = YES;
				GCC_WARN_ABOUT_RETURN_TYPE = YES_ERROR;
				GCC_WARN_UNDECLARED_SELECTOR = YES;
				GCC_WARN_UNINITIALIZED_AUTOS = YES_AGGRESSIVE;
				GCC_WARN_UNUSED_FUNCTION = YES;
				GCC_WARN_UNUSED_VARIABLE = YES;
				IPHONEOS_DEPLOYMENT_TARGET = 15.5;
				MTL_ENABLE_DEBUG_INFO = INCLUDE_SOURCE;
				MTL_FAST_MATH = YES;
				ONLY_ACTIVE_ARCH = YES;
				SDKROOT = iphoneos;
				SWIFT_ACTIVE_COMPILATION_CONDITIONS = DEBUG;
				SWIFT_OPTIMIZATION_LEVEL = "-Onone";
			};
			name = Debug;
		};
		F77C2E1128A6AACF0059B255 /* Release */ = {
			isa = XCBuildConfiguration;
			buildSettings = {
				ALWAYS_SEARCH_USER_PATHS = NO;
				CLANG_ANALYZER_NONNULL = YES;
				CLANG_ANALYZER_NUMBER_OBJECT_CONVERSION = YES_AGGRESSIVE;
				CLANG_CXX_LANGUAGE_STANDARD = "gnu++17";
				CLANG_ENABLE_MODULES = YES;
				CLANG_ENABLE_OBJC_ARC = YES;
				CLANG_ENABLE_OBJC_WEAK = YES;
				CLANG_WARN_BLOCK_CAPTURE_AUTORELEASING = YES;
				CLANG_WARN_BOOL_CONVERSION = YES;
				CLANG_WARN_COMMA = YES;
				CLANG_WARN_CONSTANT_CONVERSION = YES;
				CLANG_WARN_DEPRECATED_OBJC_IMPLEMENTATIONS = YES;
				CLANG_WARN_DIRECT_OBJC_ISA_USAGE = YES_ERROR;
				CLANG_WARN_DOCUMENTATION_COMMENTS = YES;
				CLANG_WARN_EMPTY_BODY = YES;
				CLANG_WARN_ENUM_CONVERSION = YES;
				CLANG_WARN_INFINITE_RECURSION = YES;
				CLANG_WARN_INT_CONVERSION = YES;
				CLANG_WARN_NON_LITERAL_NULL_CONVERSION = YES;
				CLANG_WARN_OBJC_IMPLICIT_RETAIN_SELF = YES;
				CLANG_WARN_OBJC_LITERAL_CONVERSION = YES;
				CLANG_WARN_OBJC_ROOT_CLASS = YES_ERROR;
				CLANG_WARN_QUOTED_INCLUDE_IN_FRAMEWORK_HEADER = YES;
				CLANG_WARN_RANGE_LOOP_ANALYSIS = YES;
				CLANG_WARN_STRICT_PROTOTYPES = YES;
				CLANG_WARN_SUSPICIOUS_MOVE = YES;
				CLANG_WARN_UNGUARDED_AVAILABILITY = YES_AGGRESSIVE;
				CLANG_WARN_UNREACHABLE_CODE = YES;
				CLANG_WARN__DUPLICATE_METHOD_MATCH = YES;
				COPY_PHASE_STRIP = NO;
				DEBUG_INFORMATION_FORMAT = "dwarf-with-dsym";
				ENABLE_NS_ASSERTIONS = NO;
				ENABLE_STRICT_OBJC_MSGSEND = YES;
				GCC_C_LANGUAGE_STANDARD = gnu11;
				GCC_NO_COMMON_BLOCKS = YES;
				GCC_WARN_64_TO_32_BIT_CONVERSION = YES;
				GCC_WARN_ABOUT_RETURN_TYPE = YES_ERROR;
				GCC_WARN_UNDECLARED_SELECTOR = YES;
				GCC_WARN_UNINITIALIZED_AUTOS = YES_AGGRESSIVE;
				GCC_WARN_UNUSED_FUNCTION = YES;
				GCC_WARN_UNUSED_VARIABLE = YES;
				IPHONEOS_DEPLOYMENT_TARGET = 15.5;
				MTL_ENABLE_DEBUG_INFO = NO;
				MTL_FAST_MATH = YES;
				SDKROOT = iphoneos;
				SWIFT_COMPILATION_MODE = wholemodule;
				SWIFT_OPTIMIZATION_LEVEL = "-O";
				VALIDATE_PRODUCT = YES;
			};
			name = Release;
		};
		F77C2E1328A6AACF0059B255 /* Debug */ = {
			isa = XCBuildConfiguration;
			buildSettings = {
				ASSETCATALOG_COMPILER_APPICON_NAME = AppIcon;
				ASSETCATALOG_COMPILER_GLOBAL_ACCENT_COLOR_NAME = AccentColor;
				CODE_SIGN_STYLE = Automatic;
				CURRENT_PROJECT_VERSION = 1;
				GENERATE_INFOPLIST_FILE = YES;
				INFOPLIST_FILE = Subway/Info.plist;
				INFOPLIST_KEY_UIApplicationSupportsIndirectInputEvents = YES;
				INFOPLIST_KEY_UILaunchStoryboardName = LaunchScreen;
				INFOPLIST_KEY_UISupportedInterfaceOrientations_iPad = "UIInterfaceOrientationPortrait UIInterfaceOrientationPortraitUpsideDown UIInterfaceOrientationLandscapeLeft UIInterfaceOrientationLandscapeRight";
				INFOPLIST_KEY_UISupportedInterfaceOrientations_iPhone = "UIInterfaceOrientationPortrait UIInterfaceOrientationLandscapeLeft UIInterfaceOrientationLandscapeRight";
				LD_RUNPATH_SEARCH_PATHS = (
					"$(inherited)",
					"@executable_path/Frameworks",
				);
				MARKETING_VERSION = 1.0;
				PRODUCT_BUNDLE_IDENTIFIER = jinhee.Subway;
				PRODUCT_NAME = "$(TARGET_NAME)";
				SWIFT_EMIT_LOC_STRINGS = YES;
				SWIFT_VERSION = 5.0;
				TARGETED_DEVICE_FAMILY = "1,2";
			};
			name = Debug;
		};
		F77C2E1428A6AACF0059B255 /* Release */ = {
			isa = XCBuildConfiguration;
			buildSettings = {
				ASSETCATALOG_COMPILER_APPICON_NAME = AppIcon;
				ASSETCATALOG_COMPILER_GLOBAL_ACCENT_COLOR_NAME = AccentColor;
				CODE_SIGN_STYLE = Automatic;
				CURRENT_PROJECT_VERSION = 1;
				GENERATE_INFOPLIST_FILE = YES;
				INFOPLIST_FILE = Subway/Info.plist;
				INFOPLIST_KEY_UIApplicationSupportsIndirectInputEvents = YES;
				INFOPLIST_KEY_UILaunchStoryboardName = LaunchScreen;
				INFOPLIST_KEY_UISupportedInterfaceOrientations_iPad = "UIInterfaceOrientationPortrait UIInterfaceOrientationPortraitUpsideDown UIInterfaceOrientationLandscapeLeft UIInterfaceOrientationLandscapeRight";
				INFOPLIST_KEY_UISupportedInterfaceOrientations_iPhone = "UIInterfaceOrientationPortrait UIInterfaceOrientationLandscapeLeft UIInterfaceOrientationLandscapeRight";
				LD_RUNPATH_SEARCH_PATHS = (
					"$(inherited)",
					"@executable_path/Frameworks",
				);
				MARKETING_VERSION = 1.0;
				PRODUCT_BUNDLE_IDENTIFIER = jinhee.Subway;
				PRODUCT_NAME = "$(TARGET_NAME)";
				SWIFT_EMIT_LOC_STRINGS = YES;
				SWIFT_VERSION = 5.0;
				TARGETED_DEVICE_FAMILY = "1,2";
			};
			name = Release;
		};
/* End XCBuildConfiguration section */

/* Begin XCConfigurationList section */
		F77C2DF928A6AACD0059B255 /* Build configuration list for PBXProject "Subway" */ = {
			isa = XCConfigurationList;
			buildConfigurations = (
				F77C2E1028A6AACF0059B255 /* Debug */,
				F77C2E1128A6AACF0059B255 /* Release */,
			);
			defaultConfigurationIsVisible = 0;
			defaultConfigurationName = Release;
		};
		F77C2E1228A6AACF0059B255 /* Build configuration list for PBXNativeTarget "Subway" */ = {
			isa = XCConfigurationList;
			buildConfigurations = (
				F77C2E1328A6AACF0059B255 /* Debug */,
				F77C2E1428A6AACF0059B255 /* Release */,
			);
			defaultConfigurationIsVisible = 0;
			defaultConfigurationName = Release;
		};
/* End XCConfigurationList section */

/* Begin XCRemoteSwiftPackageReference section */
		F77C2E1528A6AB640059B255 /* XCRemoteSwiftPackageReference "SnapKit" */ = {
			isa = XCRemoteSwiftPackageReference;
			repositoryURL = "https://github.com/SnapKit/SnapKit.git";
			requirement = {
				branch = develop;
				kind = branch;
			};
		};
		F77C2E1828A6ABEB0059B255 /* XCRemoteSwiftPackageReference "Alamofire" */ = {
			isa = XCRemoteSwiftPackageReference;
			repositoryURL = "https://github.com/Alamofire/Alamofire.git";
			requirement = {
				kind = upToNextMajorVersion;
				minimumVersion = 5.0.0;
			};
		};
/* End XCRemoteSwiftPackageReference section */

/* Begin XCSwiftPackageProductDependency section */
		F77C2E1628A6AB640059B255 /* SnapKit */ = {
			isa = XCSwiftPackageProductDependency;
			package = F77C2E1528A6AB640059B255 /* XCRemoteSwiftPackageReference "SnapKit" */;
			productName = SnapKit;
		};
		F77C2E1928A6ABEC0059B255 /* Alamofire */ = {
			isa = XCSwiftPackageProductDependency;
			package = F77C2E1828A6ABEB0059B255 /* XCRemoteSwiftPackageReference "Alamofire" */;
			productName = Alamofire;
		};
/* End XCSwiftPackageProductDependency section */
	};
	rootObject = F77C2DF628A6AACD0059B255 /* Project object */;
}
